
Microsoft Visual Studio Solution File, Format Version 12.00
# Visual Studio Version 17
VisualStudioVersion = 17.3.32929.385
MinimumVisualStudioVersion = 10.0.40219.1
Project("{FAE04EC0-301F-11D3-BF4B-00C04F79EFBC}") = "Lab 5", "Lab 5\Lab 5.csproj", "{93186A80-A4CC-488F-A19E-8ECC7D0370B8}"
EndProject
Global
	GlobalSection(SolutionConfigurationPlatforms) = preSolution
		Debug|Any CPU = Debug|Any CPU
		Release|Any CPU = Release|Any CPU
	EndGlobalSection
	GlobalSection(ProjectConfigurationPlatforms) = postSolution
		{93186A80-A4CC-488F-A19E-8ECC7D0370B8}.Debug|Any CPU.ActiveCfg = Debug|Any CPU
		{93186A80-A4CC-488F-A19E-8ECC7D0370B8}.Debug|Any CPU.Build.0 = Debug|Any CPU
		{93186A80-A4CC-488F-A19E-8ECC7D0370B8}.Release|Any CPU.ActiveCfg = Release|Any CPU
		{93186A80-A4CC-488F-A19E-8ECC7D0370B8}.Release|Any CPU.Build.0 = Release|Any CPU
	EndGlobalSection
	GlobalSection(SolutionProperties) = preSolution
		HideSolutionNode = FALSE
	EndGlobalSection
	GlobalSection(ExtensibilityGlobals) = postSolution
		SolutionGuid = {C2E6CEE7-7111-4E04-B01C-02030FD02AB8}
	EndGlobalSection
EndGlobal
