
Microsoft Visual Studio Solution File, Format Version 12.00
# Visual Studio Version 17
VisualStudioVersion = 17.3.32929.385
MinimumVisualStudioVersion = 10.0.40219.1
Project("{FAE04EC0-301F-11D3-BF4B-00C04F79EFBC}") = "Lab 8", "Lab 8\Lab 8.csproj", "{223CB9C5-B78E-4F4E-AAB4-5884896BA97B}"
EndProject
Global
	GlobalSection(SolutionConfigurationPlatforms) = preSolution
		Debug|Any CPU = Debug|Any CPU
		Release|Any CPU = Release|Any CPU
	EndGlobalSection
	GlobalSection(ProjectConfigurationPlatforms) = postSolution
		{223CB9C5-B78E-4F4E-AAB4-5884896BA97B}.Debug|Any CPU.ActiveCfg = Debug|Any CPU
		{223CB9C5-B78E-4F4E-AAB4-5884896BA97B}.Debug|Any CPU.Build.0 = Debug|Any CPU
		{223CB9C5-B78E-4F4E-AAB4-5884896BA97B}.Release|Any CPU.ActiveCfg = Release|Any CPU
		{223CB9C5-B78E-4F4E-AAB4-5884896BA97B}.Release|Any CPU.Build.0 = Release|Any CPU
	EndGlobalSection
	GlobalSection(SolutionProperties) = preSolution
		HideSolutionNode = FALSE
	EndGlobalSection
	GlobalSection(ExtensibilityGlobals) = postSolution
		SolutionGuid = {F461C735-B011-49FB-8B4A-7021845C0561}
	EndGlobalSection
EndGlobal
